
Microsoft Visual Studio Solution File, Format Version 12.00
# Visual Studio Version 17
VisualStudioVersion = 17.0.31903.59
MinimumVisualStudioVersion = 10.0.40219.1
Project("{FAE04EC0-301F-11D3-BF4B-00C04F79EFBC}") = "GameSpace.Api", "GameSpace.Api\GameSpace.Api.csproj", "{0B4E88EE-EE7F-46DB-BF53-B0EEE3EFB81A}"
EndProject
Project("{FAE04EC0-301F-11D3-BF4B-00C04F79EFBC}") = "GameSpace.Core", "GameSpace.Core\GameSpace.Core.csproj", "{4D7E0FB3-626B-427C-BF15-24319EE7E690}"
EndProject
Project("{FAE04EC0-301F-11D3-BF4B-00C04F79EFBC}") = "GameSpace.Infrastructure", "GameSpace.Infrastructure\GameSpace.Infrastructure.csproj", "{73C5AC77-5CFA-4A0A-8612-77A1A7507D71}"
EndProject
Project("{FAE04EC0-301F-11D3-BF4B-00C04F79EFBC}") = "GameSpace.Web", "GameSpace.Web\GameSpace.Web.csproj", "{5FEFFB33-34F3-4B36-90D9-F94455A27285}"
EndProject
Global
	GlobalSection(SolutionConfigurationPlatforms) = preSolution
		Debug|Any CPU = Debug|Any CPU
		Debug|x64 = Debug|x64
		Debug|x86 = Debug|x86
		Release|Any CPU = Release|Any CPU
		Release|x64 = Release|x64
		Release|x86 = Release|x86
	EndGlobalSection
	GlobalSection(ProjectConfigurationPlatforms) = postSolution
		{0B4E88EE-EE7F-46DB-BF53-B0EEE3EFB81A}.Debug|Any CPU.ActiveCfg = Debug|Any CPU
		{0B4E88EE-EE7F-46DB-BF53-B0EEE3EFB81A}.Debug|Any CPU.Build.0 = Debug|Any CPU
		{0B4E88EE-EE7F-46DB-BF53-B0EEE3EFB81A}.Debug|x64.ActiveCfg = Debug|Any CPU
		{0B4E88EE-EE7F-46DB-BF53-B0EEE3EFB81A}.Debug|x64.Build.0 = Debug|Any CPU
		{0B4E88EE-EE7F-46DB-BF53-B0EEE3EFB81A}.Debug|x86.ActiveCfg = Debug|Any CPU
		{0B4E88EE-EE7F-46DB-BF53-B0EEE3EFB81A}.Debug|x86.Build.0 = Debug|Any CPU
		{0B4E88EE-EE7F-46DB-BF53-B0EEE3EFB81A}.Release|Any CPU.ActiveCfg = Release|Any CPU
		{0B4E88EE-EE7F-46DB-BF53-B0EEE3EFB81A}.Release|Any CPU.Build.0 = Release|Any CPU
		{0B4E88EE-EE7F-46DB-BF53-B0EEE3EFB81A}.Release|x64.ActiveCfg = Release|Any CPU
		{0B4E88EE-EE7F-46DB-BF53-B0EEE3EFB81A}.Release|x64.Build.0 = Release|Any CPU
		{0B4E88EE-EE7F-46DB-BF53-B0EEE3EFB81A}.Release|x86.ActiveCfg = Release|Any CPU
		{0B4E88EE-EE7F-46DB-BF53-B0EEE3EFB81A}.Release|x86.Build.0 = Release|Any CPU
		{4D7E0FB3-626B-427C-BF15-24319EE7E690}.Debug|Any CPU.ActiveCfg = Debug|Any CPU
		{4D7E0FB3-626B-427C-BF15-24319EE7E690}.Debug|Any CPU.Build.0 = Debug|Any CPU
		{4D7E0FB3-626B-427C-BF15-24319EE7E690}.Debug|x64.ActiveCfg = Debug|Any CPU
		{4D7E0FB3-626B-427C-BF15-24319EE7E690}.Debug|x64.Build.0 = Debug|Any CPU
		{4D7E0FB3-626B-427C-BF15-24319EE7E690}.Debug|x86.ActiveCfg = Debug|Any CPU
		{4D7E0FB3-626B-427C-BF15-24319EE7E690}.Debug|x86.Build.0 = Debug|Any CPU
		{4D7E0FB3-626B-427C-BF15-24319EE7E690}.Release|Any CPU.ActiveCfg = Release|Any CPU
		{4D7E0FB3-626B-427C-BF15-24319EE7E690}.Release|Any CPU.Build.0 = Release|Any CPU
		{4D7E0FB3-626B-427C-BF15-24319EE7E690}.Release|x64.ActiveCfg = Release|Any CPU
		{4D7E0FB3-626B-427C-BF15-24319EE7E690}.Release|x64.Build.0 = Release|Any CPU
		{4D7E0FB3-626B-427C-BF15-24319EE7E690}.Release|x86.ActiveCfg = Release|Any CPU
		{4D7E0FB3-626B-427C-BF15-24319EE7E690}.Release|x86.Build.0 = Release|Any CPU
		{73C5AC77-5CFA-4A0A-8612-77A1A7507D71}.Debug|Any CPU.ActiveCfg = Debug|Any CPU
		{73C5AC77-5CFA-4A0A-8612-77A1A7507D71}.Debug|Any CPU.Build.0 = Debug|Any CPU
		{73C5AC77-5CFA-4A0A-8612-77A1A7507D71}.Debug|x64.ActiveCfg = Debug|Any CPU
		{73C5AC77-5CFA-4A0A-8612-77A1A7507D71}.Debug|x64.Build.0 = Debug|Any CPU
		{73C5AC77-5CFA-4A0A-8612-77A1A7507D71}.Debug|x86.ActiveCfg = Debug|Any CPU
		{73C5AC77-5CFA-4A0A-8612-77A1A7507D71}.Debug|x86.Build.0 = Debug|Any CPU
		{73C5AC77-5CFA-4A0A-8612-77A1A7507D71}.Release|Any CPU.ActiveCfg = Release|Any CPU
		{73C5AC77-5CFA-4A0A-8612-77A1A7507D71}.Release|Any CPU.Build.0 = Release|Any CPU
		{73C5AC77-5CFA-4A0A-8612-77A1A7507D71}.Release|x64.ActiveCfg = Release|Any CPU
		{73C5AC77-5CFA-4A0A-8612-77A1A7507D71}.Release|x64.Build.0 = Release|Any CPU
		{73C5AC77-5CFA-4A0A-8612-77A1A7507D71}.Release|x86.ActiveCfg = Release|Any CPU
		{73C5AC77-5CFA-4A0A-8612-77A1A7507D71}.Release|x86.Build.0 = Release|Any CPU
		{5FEFFB33-34F3-4B36-90D9-F94455A27285}.Debug|Any CPU.ActiveCfg = Debug|Any CPU
		{5FEFFB33-34F3-4B36-90D9-F94455A27285}.Debug|Any CPU.Build.0 = Debug|Any CPU
		{5FEFFB33-34F3-4B36-90D9-F94455A27285}.Debug|x64.ActiveCfg = Debug|Any CPU
		{5FEFFB33-34F3-4B36-90D9-F94455A27285}.Debug|x64.Build.0 = Debug|Any CPU
		{5FEFFB33-34F3-4B36-90D9-F94455A27285}.Debug|x86.ActiveCfg = Debug|Any CPU
		{5FEFFB33-34F3-4B36-90D9-F94455A27285}.Debug|x86.Build.0 = Debug|Any CPU
		{5FEFFB33-34F3-4B36-90D9-F94455A27285}.Release|Any CPU.ActiveCfg = Release|Any CPU
		{5FEFFB33-34F3-4B36-90D9-F94455A27285}.Release|Any CPU.Build.0 = Release|Any CPU
		{5FEFFB33-34F3-4B36-90D9-F94455A27285}.Release|x64.ActiveCfg = Release|Any CPU
		{5FEFFB33-34F3-4B36-90D9-F94455A27285}.Release|x64.Build.0 = Release|Any CPU
		{5FEFFB33-34F3-4B36-90D9-F94455A27285}.Release|x86.ActiveCfg = Release|Any CPU
		{5FEFFB33-34F3-4B36-90D9-F94455A27285}.Release|x86.Build.0 = Release|Any CPU
	EndGlobalSection
	GlobalSection(SolutionProperties) = preSolution
		HideSolutionNode = FALSE
	EndGlobalSection
EndGlobal
